// !$*UTF8*$!
{
	archiveVersion = 1;
	classes = {
	};
	objectVersion = 46;
	objects = {

/* Begin PBXBuildFile section */
		DC94D49C1A5FBD72008F24DF /* IMG_1710.JPG in Resources */ = {isa = PBXBuildFile; fileRef = DC94D49B1A5FBD72008F24DF /* IMG_1710.JPG */; };
		DCB76A3F1A4C1094003BEC4A /* LYRequest.m in Sources */ = {isa = PBXBuildFile; fileRef = DCB76A3E1A4C1094003BEC4A /* LYRequest.m */; };
		DCF0F31F1A3A8C6500B26975 /* main.m in Sources */ = {isa = PBXBuildFile; fileRef = DCF0F31E1A3A8C6500B26975 /* main.m */; };
		DCF0F3221A3A8C6500B26975 /* AppDelegate.m in Sources */ = {isa = PBXBuildFile; fileRef = DCF0F3211A3A8C6500B26975 /* AppDelegate.m */; };
		DCF0F3251A3A8C6500B26975 /* ViewController.m in Sources */ = {isa = PBXBuildFile; fileRef = DCF0F3241A3A8C6500B26975 /* ViewController.m */; };
		DCF0F3281A3A8C6500B26975 /* Main.storyboard in Resources */ = {isa = PBXBuildFile; fileRef = DCF0F3261A3A8C6500B26975 /* Main.storyboard */; };
		DCF0F32A1A3A8C6500B26975 /* Images.xcassets in Resources */ = {isa = PBXBuildFile; fileRef = DCF0F3291A3A8C6500B26975 /* Images.xcassets */; };
		DCF0F32D1A3A8C6500B26975 /* LaunchScreen.xib in Resources */ = {isa = PBXBuildFile; fileRef = DCF0F32B1A3A8C6500B26975 /* LaunchScreen.xib */; };
		DCF0F3391A3A8C6500B26975 /* testDownloadTests.m in Sources */ = {isa = PBXBuildFile; fileRef = DCF0F3381A3A8C6500B26975 /* testDownloadTests.m */; };
/* End PBXBuildFile section */

/* Begin PBXContainerItemProxy section */
		DCF0F3331A3A8C6500B26975 /* PBXContainerItemProxy */ = {
			isa = PBXContainerItemProxy;
			containerPortal = DCF0F3111A3A8C6500B26975 /* Project object */;
			proxyType = 1;
			remoteGlobalIDString = DCF0F3181A3A8C6500B26975;
			remoteInfo = testDownload;
		};
/* End PBXContainerItemProxy section */

/* Begin PBXFileReference section */
		DC94D49B1A5FBD72008F24DF /* IMG_1710.JPG */ = {isa = PBXFileReference; lastKnownFileType = image.jpeg; path = IMG_1710.JPG; sourceTree = "<group>"; };
		DCB76A3D1A4C1094003BEC4A /* LYRequest.h */ = {isa = PBXFileReference; fileEncoding = 4; lastKnownFileType = sourcecode.c.h; path = LYRequest.h; sourceTree = "<group>"; };
		DCB76A3E1A4C1094003BEC4A /* LYRequest.m */ = {isa = PBXFileReference; fileEncoding = 4; lastKnownFileType = sourcecode.c.objc; path = LYRequest.m; sourceTree = "<group>"; };
		DCF0F3191A3A8C6500B26975 /* LYNetwork.app */ = {isa = PBXFileReference; explicitFileType = wrapper.application; includeInIndex = 0; path = LYNetwork.app; sourceTree = BUILT_PRODUCTS_DIR; };
		DCF0F31D1A3A8C6500B26975 /* Info.plist */ = {isa = PBXFileReference; lastKnownFileType = text.plist.xml; path = Info.plist; sourceTree = "<group>"; };
		DCF0F31E1A3A8C6500B26975 /* main.m */ = {isa = PBXFileReference; lastKnownFileType = sourcecode.c.objc; path = main.m; sourceTree = "<group>"; };
		DCF0F3201A3A8C6500B26975 /* AppDelegate.h */ = {isa = PBXFileReference; lastKnownFileType = sourcecode.c.h; path = AppDelegate.h; sourceTree = "<group>"; };
		DCF0F3211A3A8C6500B26975 /* AppDelegate.m */ = {isa = PBXFileReference; lastKnownFileType = sourcecode.c.objc; path = AppDelegate.m; sourceTree = "<group>"; };
		DCF0F3231A3A8C6500B26975 /* ViewController.h */ = {isa = PBXFileReference; lastKnownFileType = sourcecode.c.h; path = ViewController.h; sourceTree = "<group>"; };
		DCF0F3241A3A8C6500B26975 /* ViewController.m */ = {isa = PBXFileReference; lastKnownFileType = sourcecode.c.objc; path = ViewController.m; sourceTree = "<group>"; };
		DCF0F3271A3A8C6500B26975 /* Base */ = {isa = PBXFileReference; lastKnownFileType = file.storyboard; name = Base; path = Base.lproj/Main.storyboard; sourceTree = "<group>"; };
		DCF0F3291A3A8C6500B26975 /* Images.xcassets */ = {isa = PBXFileReference; lastKnownFileType = folder.assetcatalog; path = Images.xcassets; sourceTree = "<group>"; };
		DCF0F32C1A3A8C6500B26975 /* Base */ = {isa = PBXFileReference; lastKnownFileType = file.xib; name = Base; path = Base.lproj/LaunchScreen.xib; sourceTree = "<group>"; };
		DCF0F3321A3A8C6500B26975 /* LYNetworkTests.xctest */ = {isa = PBXFileReference; explicitFileType = wrapper.cfbundle; includeInIndex = 0; path = LYNetworkTests.xctest; sourceTree = BUILT_PRODUCTS_DIR; };
		DCF0F3371A3A8C6500B26975 /* Info.plist */ = {isa = PBXFileReference; lastKnownFileType = text.plist.xml; path = Info.plist; sourceTree = "<group>"; };
		DCF0F3381A3A8C6500B26975 /* testDownloadTests.m */ = {isa = PBXFileReference; lastKnownFileType = sourcecode.c.objc; path = testDownloadTests.m; sourceTree = "<group>"; };
/* End PBXFileReference section */

/* Begin PBXFrameworksBuildPhase section */
		DCF0F3161A3A8C6500B26975 /* Frameworks */ = {
			isa = PBXFrameworksBuildPhase;
			buildActionMask = 2147483647;
			files = (
			);
			runOnlyForDeploymentPostprocessing = 0;
		};
		DCF0F32F1A3A8C6500B26975 /* Frameworks */ = {
			isa = PBXFrameworksBuildPhase;
			buildActionMask = 2147483647;
			files = (
			);
			runOnlyForDeploymentPostprocessing = 0;
		};
/* End PBXFrameworksBuildPhase section */

/* Begin PBXGroup section */
		DCB76A3C1A4C107A003BEC4A /* LYRequest */ = {
			isa = PBXGroup;
			children = (
				DCB76A3D1A4C1094003BEC4A /* LYRequest.h */,
				DCB76A3E1A4C1094003BEC4A /* LYRequest.m */,
			);
			path = LYRequest;
			sourceTree = "<group>";
		};
		DCF0F3101A3A8C6500B26975 = {
			isa = PBXGroup;
			children = (
				DCF0F31B1A3A8C6500B26975 /* testDownload */,
				DCF0F3351A3A8C6500B26975 /* testDownloadTests */,
				DCF0F31A1A3A8C6500B26975 /* Products */,
			);
			sourceTree = "<group>";
		};
		DCF0F31A1A3A8C6500B26975 /* Products */ = {
			isa = PBXGroup;
			children = (
				DCF0F3191A3A8C6500B26975 /* LYNetwork.app */,
				DCF0F3321A3A8C6500B26975 /* LYNetworkTests.xctest */,
			);
			name = Products;
			sourceTree = "<group>";
		};
		DCF0F31B1A3A8C6500B26975 /* testDownload */ = {
			isa = PBXGroup;
			children = (
				DCF0F3201A3A8C6500B26975 /* AppDelegate.h */,
				DCF0F3211A3A8C6500B26975 /* AppDelegate.m */,
				DCF0F3231A3A8C6500B26975 /* ViewController.h */,
				DCF0F3241A3A8C6500B26975 /* ViewController.m */,
				DCB76A3C1A4C107A003BEC4A /* LYRequest */,
				DCF0F3261A3A8C6500B26975 /* Main.storyboard */,
				DCF0F3291A3A8C6500B26975 /* Images.xcassets */,
				DCF0F32B1A3A8C6500B26975 /* LaunchScreen.xib */,
				DCF0F31C1A3A8C6500B26975 /* Supporting Files */,
			);
			path = testDownload;
			sourceTree = "<group>";
		};
		DCF0F31C1A3A8C6500B26975 /* Supporting Files */ = {
			isa = PBXGroup;
			children = (
				DCF0F31D1A3A8C6500B26975 /* Info.plist */,
				DCF0F31E1A3A8C6500B26975 /* main.m */,
				DC94D49B1A5FBD72008F24DF /* IMG_1710.JPG */,
			);
			name = "Supporting Files";
			sourceTree = "<group>";
		};
		DCF0F3351A3A8C6500B26975 /* testDownloadTests */ = {
			isa = PBXGroup;
			children = (
				DCF0F3381A3A8C6500B26975 /* testDownloadTests.m */,
				DCF0F3361A3A8C6500B26975 /* Supporting Files */,
			);
			path = testDownloadTests;
			sourceTree = "<group>";
		};
		DCF0F3361A3A8C6500B26975 /* Supporting Files */ = {
			isa = PBXGroup;
			children = (
				DCF0F3371A3A8C6500B26975 /* Info.plist */,
			);
			name = "Supporting Files";
			sourceTree = "<group>";
		};
/* End PBXGroup section */

/* Begin PBXNativeTarget section */
		DCF0F3181A3A8C6500B26975 /* LYNetwork */ = {
			isa = PBXNativeTarget;
			buildConfigurationList = DCF0F33C1A3A8C6500B26975 /* Build configuration list for PBXNativeTarget "LYNetwork" */;
			buildPhases = (
				DCF0F3151A3A8C6500B26975 /* Sources */,
				DCF0F3161A3A8C6500B26975 /* Frameworks */,
				DCF0F3171A3A8C6500B26975 /* Resources */,
			);
			buildRules = (
			);
			dependencies = (
			);
			name = LYNetwork;
			productName = testDownload;
			productReference = DCF0F3191A3A8C6500B26975 /* LYNetwork.app */;
			productType = "com.apple.product-type.application";
		};
		DCF0F3311A3A8C6500B26975 /* LYNetworkTests */ = {
			isa = PBXNativeTarget;
			buildConfigurationList = DCF0F33F1A3A8C6500B26975 /* Build configuration list for PBXNativeTarget "LYNetworkTests" */;
			buildPhases = (
				DCF0F32E1A3A8C6500B26975 /* Sources */,
				DCF0F32F1A3A8C6500B26975 /* Frameworks */,
				DCF0F3301A3A8C6500B26975 /* Resources */,
			);
			buildRules = (
			);
			dependencies = (
				DCF0F3341A3A8C6500B26975 /* PBXTargetDependency */,
			);
			name = LYNetworkTests;
			productName = testDownloadTests;
			productReference = DCF0F3321A3A8C6500B26975 /* LYNetworkTests.xctest */;
			productType = "com.apple.product-type.bundle.unit-test";
		};
/* End PBXNativeTarget section */

/* Begin PBXProject section */
		DCF0F3111A3A8C6500B26975 /* Project object */ = {
			isa = PBXProject;
			attributes = {
				LastUpgradeCheck = 0610;
				ORGANIZATIONNAME = __FULLNAME__;
				TargetAttributes = {
					DCF0F3181A3A8C6500B26975 = {
						CreatedOnToolsVersion = 6.1;
					};
					DCF0F3311A3A8C6500B26975 = {
						CreatedOnToolsVersion = 6.1;
						TestTargetID = DCF0F3181A3A8C6500B26975;
					};
				};
			};
			buildConfigurationList = DCF0F3141A3A8C6500B26975 /* Build configuration list for PBXProject "LYNetwork" */;
			compatibilityVersion = "Xcode 3.2";
			developmentRegion = English;
			hasScannedForEncodings = 0;
			knownRegions = (
				en,
				Base,
			);
			mainGroup = DCF0F3101A3A8C6500B26975;
			productRefGroup = DCF0F31A1A3A8C6500B26975 /* Products */;
			projectDirPath = "";
			projectRoot = "";
			targets = (
				DCF0F3181A3A8C6500B26975 /* LYNetwork */,
				DCF0F3311A3A8C6500B26975 /* LYNetworkTests */,
			);
		};
/* End PBXProject section */

/* Begin PBXResourcesBuildPhase section */
		DCF0F3171A3A8C6500B26975 /* Resources */ = {
			isa = PBXResourcesBuildPhase;
			buildActionMask = 2147483647;
			files = (
				DC94D49C1A5FBD72008F24DF /* IMG_1710.JPG in Resources */,
				DCF0F3281A3A8C6500B26975 /* Main.storyboard in Resources */,
				DCF0F32D1A3A8C6500B26975 /* LaunchScreen.xib in Resources */,
				DCF0F32A1A3A8C6500B26975 /* Images.xcassets in Resources */,
			);
			runOnlyForDeploymentPostprocessing = 0;
		};
		DCF0F3301A3A8C6500B26975 /* Resources */ = {
			isa = PBXResourcesBuildPhase;
			buildActionMask = 2147483647;
			files = (
			);
			runOnlyForDeploymentPostprocessing = 0;
		};
/* End PBXResourcesBuildPhase section */

/* Begin PBXSourcesBuildPhase section */
		DCF0F3151A3A8C6500B26975 /* Sources */ = {
			isa = PBXSourcesBuildPhase;
			buildActionMask = 2147483647;
			files = (
				DCB76A3F1A4C1094003BEC4A /* LYRequest.m in Sources */,
				DCF0F3251A3A8C6500B26975 /* ViewController.m in Sources */,
				DCF0F3221A3A8C6500B26975 /* AppDelegate.m in Sources */,
				DCF0F31F1A3A8C6500B26975 /* main.m in Sources */,
			);
			runOnlyForDeploymentPostprocessing = 0;
		};
		DCF0F32E1A3A8C6500B26975 /* Sources */ = {
			isa = PBXSourcesBuildPhase;
			buildActionMask = 2147483647;
			files = (
				DCF0F3391A3A8C6500B26975 /* testDownloadTests.m in Sources */,
			);
			runOnlyForDeploymentPostprocessing = 0;
		};
/* End PBXSourcesBuildPhase section */

/* Begin PBXTargetDependency section */
		DCF0F3341A3A8C6500B26975 /* PBXTargetDependency */ = {
			isa = PBXTargetDependency;
			target = DCF0F3181A3A8C6500B26975 /* LYNetwork */;
			targetProxy = DCF0F3331A3A8C6500B26975 /* PBXContainerItemProxy */;
		};
/* End PBXTargetDependency section */

/* Begin PBXVariantGroup section */
		DCF0F3261A3A8C6500B26975 /* Main.storyboard */ = {
			isa = PBXVariantGroup;
			children = (
				DCF0F3271A3A8C6500B26975 /* Base */,
			);
			name = Main.storyboard;
			sourceTree = "<group>";
		};
		DCF0F32B1A3A8C6500B26975 /* LaunchScreen.xib */ = {
			isa = PBXVariantGroup;
			children = (
				DCF0F32C1A3A8C6500B26975 /* Base */,
			);
			name = LaunchScreen.xib;
			sourceTree = "<group>";
		};
/* End PBXVariantGroup section */

/* Begin XCBuildConfiguration section */
		DCF0F33A1A3A8C6500B26975 /* Debug */ = {
			isa = XCBuildConfiguration;
			buildSettings = {
				ALWAYS_SEARCH_USER_PATHS = NO;
				CLANG_CXX_LANGUAGE_STANDARD = "gnu++0x";
				CLANG_CXX_LIBRARY = "libc++";
				CLANG_ENABLE_MODULES = YES;
				CLANG_ENABLE_OBJC_ARC = YES;
				CLANG_WARN_BOOL_CONVERSION = YES;
				CLANG_WARN_CONSTANT_CONVERSION = YES;
				CLANG_WARN_DIRECT_OBJC_ISA_USAGE = YES_ERROR;
				CLANG_WARN_EMPTY_BODY = YES;
				CLANG_WARN_ENUM_CONVERSION = YES;
				CLANG_WARN_INT_CONVERSION = YES;
				CLANG_WARN_OBJC_ROOT_CLASS = YES_ERROR;
				CLANG_WARN_UNREACHABLE_CODE = YES;
				CLANG_WARN__DUPLICATE_METHOD_MATCH = YES;
				CODE_SIGN_IDENTITY = "";
				"CODE_SIGN_IDENTITY[sdk=iphoneos*]" = "";
				COPY_PHASE_STRIP = NO;
				ENABLE_STRICT_OBJC_MSGSEND = YES;
				GCC_C_LANGUAGE_STANDARD = gnu99;
				GCC_DYNAMIC_NO_PIC = NO;
				GCC_OPTIMIZATION_LEVEL = 0;
				GCC_PREPROCESSOR_DEFINITIONS = (
					"DEBUG=1",
					"$(inherited)",
				);
				GCC_SYMBOLS_PRIVATE_EXTERN = NO;
				GCC_WARN_64_TO_32_BIT_CONVERSION = YES;
				GCC_WARN_ABOUT_RETURN_TYPE = YES_ERROR;
				GCC_WARN_UNDECLARED_SELECTOR = YES;
				GCC_WARN_UNINITIALIZED_AUTOS = YES_AGGRESSIVE;
				GCC_WARN_UNUSED_FUNCTION = YES;
				GCC_WARN_UNUSED_VARIABLE = YES;
				IPHONEOS_DEPLOYMENT_TARGET = 8.1;
				MTL_ENABLE_DEBUG_INFO = YES;
				ONLY_ACTIVE_ARCH = YES;
				SDKROOT = iphoneos;
			};
			name = Debug;
		};
		DCF0F33B1A3A8C6500B26975 /* Release */ = {
			isa = XCBuildConfiguration;
			buildSettings = {
				ALWAYS_SEARCH_USER_PATHS = NO;
				CLANG_CXX_LANGUAGE_STANDARD = "gnu++0x";
				CLANG_CXX_LIBRARY = "libc++";
				CLANG_ENABLE_MODULES = YES;
				CLANG_ENABLE_OBJC_ARC = YES;
				CLANG_WARN_BOOL_CONVERSION = YES;
				CLANG_WARN_CONSTANT_CONVERSION = YES;
				CLANG_WARN_DIRECT_OBJC_ISA_USAGE = YES_ERROR;
				CLANG_WARN_EMPTY_BODY = YES;
				CLANG_WARN_ENUM_CONVERSION = YES;
				CLANG_WARN_INT_CONVERSION = YES;
				CLANG_WARN_OBJC_ROOT_CLASS = YES_ERROR;
				CLANG_WARN_UNREACHABLE_CODE = YES;
				CLANG_WARN__DUPLICATE_METHOD_MATCH = YES;
				CODE_SIGN_IDENTITY = "";
				"CODE_SIGN_IDENTITY[sdk=iphoneos*]" = "";
				COPY_PHASE_STRIP = YES;
				ENABLE_NS_ASSERTIONS = NO;
				ENABLE_STRICT_OBJC_MSGSEND = YES;
				GCC_C_LANGUAGE_STANDARD = gnu99;
				GCC_WARN_64_TO_32_BIT_CONVERSION = YES;
				GCC_WARN_ABOUT_RETURN_TYPE = YES_ERROR;
				GCC_WARN_UNDECLARED_SELECTOR = YES;
				GCC_WARN_UNINITIALIZED_AUTOS = YES_AGGRESSIVE;
				GCC_WARN_UNUSED_FUNCTION = YES;
				GCC_WARN_UNUSED_VARIABLE = YES;
				IPHONEOS_DEPLOYMENT_TARGET = 8.1;
				MTL_ENABLE_DEBUG_INFO = NO;
				SDKROOT = iphoneos;
				VALIDATE_PRODUCT = YES;
			};
			name = Release;
		};
		DCF0F33D1A3A8C6500B26975 /* Debug */ = {
			isa = XCBuildConfiguration;
			buildSettings = {
				ASSETCATALOG_COMPILER_APPICON_NAME = AppIcon;
				INFOPLIST_FILE = testDownload/Info.plist;
				IPHONEOS_DEPLOYMENT_TARGET = 8.1;
				LD_RUNPATH_SEARCH_PATHS = "$(inherited) @executable_path/Frameworks";
				PRODUCT_NAME = LYNetwork;
				PROVISIONING_PROFILE = "43695c11-4f9a-4ac3-a2a8-2f4dbfaa3fd9";
			};
			name = Debug;
		};
		DCF0F33E1A3A8C6500B26975 /* Release */ = {
			isa = XCBuildConfiguration;
			buildSettings = {
				ASSETCATALOG_COMPILER_APPICON_NAME = AppIcon;
				INFOPLIST_FILE = testDownload/Info.plist;
				IPHONEOS_DEPLOYMENT_TARGET = 8.1;
				LD_RUNPATH_SEARCH_PATHS = "$(inherited) @executable_path/Frameworks";
				PRODUCT_NAME = LYNetwork;
				PROVISIONING_PROFILE = "43695c11-4f9a-4ac3-a2a8-2f4dbfaa3fd9";
			};
			name = Release;
		};
		DCF0F3401A3A8C6500B26975 /* Debug */ = {
			isa = XCBuildConfiguration;
			buildSettings = {
				BUNDLE_LOADER = "$(TEST_HOST)";
				FRAMEWORK_SEARCH_PATHS = (
					"$(SDKROOT)/Developer/Library/Frameworks",
					"$(inherited)",
				);
				GCC_PREPROCESSOR_DEFINITIONS = (
					"DEBUG=1",
					"$(inherited)",
				);
				INFOPLIST_FILE = testDownloadTests/Info.plist;
				LD_RUNPATH_SEARCH_PATHS = "$(inherited) @executable_path/Frameworks @loader_path/Frameworks";
				PRODUCT_NAME = LYNetworkTests;
				PROVISIONING_PROFILE = "43695c11-4f9a-4ac3-a2a8-2f4dbfaa3fd9";
				TEST_HOST = "$(BUILT_PRODUCTS_DIR)/testDownload.app/testDownload";
			};
			name = Debug;
		};
		DCF0F3411A3A8C6500B26975 /* Release */ = {
			isa = XCBuildConfiguration;
			buildSettings = {
				BUNDLE_LOADER = "$(TEST_HOST)";
				FRAMEWORK_SEARCH_PATHS = (
					"$(SDKROOT)/Developer/Library/Frameworks",
					"$(inherited)",
				);
				INFOPLIST_FILE = testDownloadTests/Info.plist;
				LD_RUNPATH_SEARCH_PATHS = "$(inherited) @executable_path/Frameworks @loader_path/Frameworks";
				PRODUCT_NAME = LYNetworkTests;
				PROVISIONING_PROFILE = "43695c11-4f9a-4ac3-a2a8-2f4dbfaa3fd9";
				TEST_HOST = "$(BUILT_PRODUCTS_DIR)/testDownload.app/testDownload";
			};
			name = Release;
		};
/* End XCBuildConfiguration section */

/* Begin XCConfigurationList section */
		DCF0F3141A3A8C6500B26975 /* Build configuration list for PBXProject "LYNetwork" */ = {
			isa = XCConfigurationList;
			buildConfigurations = (
				DCF0F33A1A3A8C6500B26975 /* Debug */,
				DCF0F33B1A3A8C6500B26975 /* Release */,
			);
			defaultConfigurationIsVisible = 0;
			defaultConfigurationName = Release;
		};
		DCF0F33C1A3A8C6500B26975 /* Build configuration list for PBXNativeTarget "LYNetwork" */ = {
			isa = XCConfigurationList;
			buildConfigurations = (
				DCF0F33D1A3A8C6500B26975 /* Debug */,
				DCF0F33E1A3A8C6500B26975 /* Release */,
			);
			defaultConfigurationIsVisible = 0;
			defaultConfigurationName = Release;
		};
		DCF0F33F1A3A8C6500B26975 /* Build configuration list for PBXNativeTarget "LYNetworkTests" */ = {
			isa = XCConfigurationList;
			buildConfigurations = (
				DCF0F3401A3A8C6500B26975 /* Debug */,
				DCF0F3411A3A8C6500B26975 /* Release */,
			);
			defaultConfigurationIsVisible = 0;
			defaultConfigurationName = Release;
		};
/* End XCConfigurationList section */
	};
	rootObject = DCF0F3111A3A8C6500B26975 /* Project object */;
}
